{
  "version": 4,
  "terraform_version": "1.3.7",
  "serial": 1,
  "lineage": "9fdf4761-623e-00b2-f91a-0dcead24f9b8",
  "outputs": {},
  "resources": [
    {
      "mode": "managed",
      "type": "local_file",
      "name": "foo_file",
      "provider": "provider[\"registry.terraform.io/hashicorp/local\"]",
      "instances": [
        {
          "schema_version": 0,
          "attributes": {
            "content": "foo!",
            "content_base64": null,
            "directory_permission": "0777",
            "file_permission": "0777",
            "filename": "test/foo.txt",
            "id": "4bf3e335199107182c6f7638efaad377acc7f452",
            "sensitive_content": null,
            "source": null
          },
          "sensitive_attributes": []
        }
      ]
    }
  ],
  "check_results": null
}
